<Solution>
  <Project Path="../Kyocera.Microservice.Application/Kyocera.Microservice.Application.csproj" Id="f3448259-748c-4b23-bf97-5fac6d1e2419" />
  <Project Path="../Kyocera.Microservice.DbContext/Kyocera.Microservice.DbContext.csproj" Id="637ae5a1-e005-46b1-ad1a-3ec61405d800" />
  <Project Path="../Kyocera.Microservice.Models/Kyocera.Microservice.Models.csproj" Id="af543f8c-0a3b-4170-bc8a-da2a9ced3b27" />
  <Project Path="Kyocera.Microservice.WebAPI.csproj" />
</Solution>
